
Microsoft Visual Studio Solution File, Format Version 11.00
# Visual Studio 2010
Project("{FAE04EC0-301F-11D3-BF4B-00C04F79EFBC}") = "Haikuenator", "src\Haikuenator\Haikuenator.csproj", "{E6FD4D25-545F-45DF-ACED-54612B74ADAA}"
EndProject
Project("{FAE04EC0-301F-11D3-BF4B-00C04F79EFBC}") = "Haikuenator.Tests", "tests\Haikuenator.Tests\Haikuenator.Tests.csproj", "{49B7EEF5-B937-41C5-ACCA-EDF10CC67CE2}"
EndProject
Project("{FAE04EC0-301F-11D3-BF4B-00C04F79EFBC}") = "Haikuenator.Cli", "Haikuenator.Cli\Haikuenator.Cli.csproj", "{301C40FF-5626-4836-84E7-7E29E448997F}"
EndProject
Global
	GlobalSection(SolutionConfigurationPlatforms) = preSolution
		Debug|Any CPU = Debug|Any CPU
		Debug|Mixed Platforms = Debug|Mixed Platforms
		Debug|x86 = Debug|x86
		Release|Any CPU = Release|Any CPU
		Release|Mixed Platforms = Release|Mixed Platforms
		Release|x86 = Release|x86
	EndGlobalSection
	GlobalSection(ProjectConfigurationPlatforms) = postSolution
		{E6FD4D25-545F-45DF-ACED-54612B74ADAA}.Debug|Any CPU.ActiveCfg = Debug|Any CPU
		{E6FD4D25-545F-45DF-ACED-54612B74ADAA}.Debug|Any CPU.Build.0 = Debug|Any CPU
		{E6FD4D25-545F-45DF-ACED-54612B74ADAA}.Debug|Mixed Platforms.ActiveCfg = Debug|Any CPU
		{E6FD4D25-545F-45DF-ACED-54612B74ADAA}.Debug|Mixed Platforms.Build.0 = Debug|Any CPU
		{E6FD4D25-545F-45DF-ACED-54612B74ADAA}.Debug|x86.ActiveCfg = Debug|Any CPU
		{E6FD4D25-545F-45DF-ACED-54612B74ADAA}.Release|Any CPU.ActiveCfg = Release|Any CPU
		{E6FD4D25-545F-45DF-ACED-54612B74ADAA}.Release|Any CPU.Build.0 = Release|Any CPU
		{E6FD4D25-545F-45DF-ACED-54612B74ADAA}.Release|Mixed Platforms.ActiveCfg = Release|Any CPU
		{E6FD4D25-545F-45DF-ACED-54612B74ADAA}.Release|Mixed Platforms.Build.0 = Release|Any CPU
		{E6FD4D25-545F-45DF-ACED-54612B74ADAA}.Release|x86.ActiveCfg = Release|Any CPU
		{49B7EEF5-B937-41C5-ACCA-EDF10CC67CE2}.Debug|Any CPU.ActiveCfg = Debug|Any CPU
		{49B7EEF5-B937-41C5-ACCA-EDF10CC67CE2}.Debug|Any CPU.Build.0 = Debug|Any CPU
		{49B7EEF5-B937-41C5-ACCA-EDF10CC67CE2}.Debug|Mixed Platforms.ActiveCfg = Debug|Any CPU
		{49B7EEF5-B937-41C5-ACCA-EDF10CC67CE2}.Debug|Mixed Platforms.Build.0 = Debug|Any CPU
		{49B7EEF5-B937-41C5-ACCA-EDF10CC67CE2}.Debug|x86.ActiveCfg = Debug|Any CPU
		{49B7EEF5-B937-41C5-ACCA-EDF10CC67CE2}.Release|Any CPU.ActiveCfg = Release|Any CPU
		{49B7EEF5-B937-41C5-ACCA-EDF10CC67CE2}.Release|Any CPU.Build.0 = Release|Any CPU
		{49B7EEF5-B937-41C5-ACCA-EDF10CC67CE2}.Release|Mixed Platforms.ActiveCfg = Release|Any CPU
		{49B7EEF5-B937-41C5-ACCA-EDF10CC67CE2}.Release|Mixed Platforms.Build.0 = Release|Any CPU
		{49B7EEF5-B937-41C5-ACCA-EDF10CC67CE2}.Release|x86.ActiveCfg = Release|Any CPU
		{301C40FF-5626-4836-84E7-7E29E448997F}.Debug|Any CPU.ActiveCfg = Debug|x86
		{301C40FF-5626-4836-84E7-7E29E448997F}.Debug|Mixed Platforms.ActiveCfg = Debug|x86
		{301C40FF-5626-4836-84E7-7E29E448997F}.Debug|Mixed Platforms.Build.0 = Debug|x86
		{301C40FF-5626-4836-84E7-7E29E448997F}.Debug|x86.ActiveCfg = Debug|x86
		{301C40FF-5626-4836-84E7-7E29E448997F}.Debug|x86.Build.0 = Debug|x86
		{301C40FF-5626-4836-84E7-7E29E448997F}.Release|Any CPU.ActiveCfg = Release|x86
		{301C40FF-5626-4836-84E7-7E29E448997F}.Release|Mixed Platforms.ActiveCfg = Release|x86
		{301C40FF-5626-4836-84E7-7E29E448997F}.Release|Mixed Platforms.Build.0 = Release|x86
		{301C40FF-5626-4836-84E7-7E29E448997F}.Release|x86.ActiveCfg = Release|x86
		{301C40FF-5626-4836-84E7-7E29E448997F}.Release|x86.Build.0 = Release|x86
	EndGlobalSection
	GlobalSection(SolutionProperties) = preSolution
		HideSolutionNode = FALSE
	EndGlobalSection
EndGlobal
